
Microsoft Visual Studio Solution File, Format Version 12.00
# Visual Studio 14
VisualStudioVersion = 14.0.25420.1
MinimumVisualStudioVersion = 10.0.40219.1
Project("{FAE04EC0-301F-11D3-BF4B-00C04F79EFBC}") = "WebApiThrottle.Demo", "WebApiThrottle.Demo\WebApiThrottle.Demo.csproj", "{B9BC1965-4DBD-413C-83D5-5FD9E819DCCE}"
EndProject
Project("{FAE04EC0-301F-11D3-BF4B-00C04F79EFBC}") = "WebApiThrottle", "WebApiThrottle\WebApiThrottle.csproj", "{F049811F-BC05-4CEE-B329-CE3BF2E2E4BE}"
EndProject
Project("{FAE04EC0-301F-11D3-BF4B-00C04F79EFBC}") = "WebApiThrottler.SelfHostOwinDemo", "WebApiThrottler.SelfHostOwinDemo\WebApiThrottler.SelfHostOwinDemo.csproj", "{22B91BA0-EFC9-4AF8-A24B-CF1CB476A50D}"
EndProject
Project("{2150E333-8FDC-42A3-9474-1A3956D46DE8}") = "Readme", "Readme", "{D4FF492F-0AB9-4F78-9F9E-99ADE0D8C3AC}"
	ProjectSection(SolutionItems) = preProject
		LICENSE.md = LICENSE.md
		README.md = README.md
	EndProjectSection
EndProject
Global
	GlobalSection(SolutionConfigurationPlatforms) = preSolution
		Debug|Any CPU = Debug|Any CPU
		Release|Any CPU = Release|Any CPU
	EndGlobalSection
	GlobalSection(ProjectConfigurationPlatforms) = postSolution
		{B9BC1965-4DBD-413C-83D5-5FD9E819DCCE}.Debug|Any CPU.ActiveCfg = Debug|Any CPU
		{B9BC1965-4DBD-413C-83D5-5FD9E819DCCE}.Debug|Any CPU.Build.0 = Debug|Any CPU
		{B9BC1965-4DBD-413C-83D5-5FD9E819DCCE}.Release|Any CPU.ActiveCfg = Release|Any CPU
		{B9BC1965-4DBD-413C-83D5-5FD9E819DCCE}.Release|Any CPU.Build.0 = Release|Any CPU
		{F049811F-BC05-4CEE-B329-CE3BF2E2E4BE}.Debug|Any CPU.ActiveCfg = Debug|Any CPU
		{F049811F-BC05-4CEE-B329-CE3BF2E2E4BE}.Debug|Any CPU.Build.0 = Debug|Any CPU
		{F049811F-BC05-4CEE-B329-CE3BF2E2E4BE}.Release|Any CPU.ActiveCfg = Release|Any CPU
		{F049811F-BC05-4CEE-B329-CE3BF2E2E4BE}.Release|Any CPU.Build.0 = Release|Any CPU
		{22B91BA0-EFC9-4AF8-A24B-CF1CB476A50D}.Debug|Any CPU.ActiveCfg = Debug|Any CPU
		{22B91BA0-EFC9-4AF8-A24B-CF1CB476A50D}.Debug|Any CPU.Build.0 = Debug|Any CPU
		{22B91BA0-EFC9-4AF8-A24B-CF1CB476A50D}.Release|Any CPU.ActiveCfg = Release|Any CPU
		{22B91BA0-EFC9-4AF8-A24B-CF1CB476A50D}.Release|Any CPU.Build.0 = Release|Any CPU
	EndGlobalSection
	GlobalSection(SolutionProperties) = preSolution
		HideSolutionNode = FALSE
	EndGlobalSection
EndGlobal
