
Microsoft Visual Studio Solution File, Format Version 12.00
# Visual Studio 2013
VisualStudioVersion = 12.0.21005.1
MinimumVisualStudioVersion = 10.0.40219.1
Project("{FAE04EC0-301F-11D3-BF4B-00C04F79EFBC}") = "WebApiThrottle.Demo", "WebApiThrottle.Demo\WebApiThrottle.Demo.csproj", "{B9BC1965-4DBD-413C-83D5-5FD9E819DCCE}"
EndProject
Project("{2150E333-8FDC-42A3-9474-1A3956D46DE8}") = ".nuget", ".nuget", "{08EB39F0-9355-4E66-A778-BB3D8DCFCCCA}"
	ProjectSection(SolutionItems) = preProject
		.nuget\NuGet.Config = .nuget\NuGet.Config
		.nuget\NuGet.exe = .nuget\NuGet.exe
		.nuget\NuGet.targets = .nuget\NuGet.targets
	EndProjectSection
EndProject
Project("{FAE04EC0-301F-11D3-BF4B-00C04F79EFBC}") = "WebApiThrottle", "WebApiThrottle\WebApiThrottle.csproj", "{F049811F-BC05-4CEE-B329-CE3BF2E2E4BE}"
EndProject
Global
	GlobalSection(SolutionConfigurationPlatforms) = preSolution
		Debug|Any CPU = Debug|Any CPU
		Release|Any CPU = Release|Any CPU
	EndGlobalSection
	GlobalSection(ProjectConfigurationPlatforms) = postSolution
		{B9BC1965-4DBD-413C-83D5-5FD9E819DCCE}.Debug|Any CPU.ActiveCfg = Debug|Any CPU
		{B9BC1965-4DBD-413C-83D5-5FD9E819DCCE}.Debug|Any CPU.Build.0 = Debug|Any CPU
		{B9BC1965-4DBD-413C-83D5-5FD9E819DCCE}.Release|Any CPU.ActiveCfg = Release|Any CPU
		{B9BC1965-4DBD-413C-83D5-5FD9E819DCCE}.Release|Any CPU.Build.0 = Release|Any CPU
		{F049811F-BC05-4CEE-B329-CE3BF2E2E4BE}.Debug|Any CPU.ActiveCfg = Debug|Any CPU
		{F049811F-BC05-4CEE-B329-CE3BF2E2E4BE}.Debug|Any CPU.Build.0 = Debug|Any CPU
		{F049811F-BC05-4CEE-B329-CE3BF2E2E4BE}.Release|Any CPU.ActiveCfg = Release|Any CPU
		{F049811F-BC05-4CEE-B329-CE3BF2E2E4BE}.Release|Any CPU.Build.0 = Release|Any CPU
	EndGlobalSection
	GlobalSection(SolutionProperties) = preSolution
		HideSolutionNode = FALSE
	EndGlobalSection
EndGlobal
